// !$*UTF8*$!
{
	archiveVersion = 1;
	classes = {
	};
	objectVersion = 50;
	objects = {

/* Begin PBXBuildFile section */
		FB52C6C52659B75800231436 /* Location.swift in Sources */ = {isa = PBXBuildFile; fileRef = FB52C6C42659B75800231436 /* Location.swift */; };
		FB52C6C72659DCBE00231436 /* Locations.swift in Sources */ = {isa = PBXBuildFile; fileRef = FB52C6C62659DCBE00231436 /* Locations.swift */; };
		FB52C6C92659E96B00231436 /* WorldView.swift in Sources */ = {isa = PBXBuildFile; fileRef = FB52C6C82659E96B00231436 /* WorldView.swift */; };
		FB52C6CB2659F4F300231436 /* Tip.swift in Sources */ = {isa = PBXBuildFile; fileRef = FB52C6CA2659F4F300231436 /* Tip.swift */; };
		FB52C6CD2659F5F100231436 /* TipsView.swift in Sources */ = {isa = PBXBuildFile; fileRef = FB52C6CC2659F5F100231436 /* TipsView.swift */; };
		FBBD2F1826586F3300AA800C /* TrekrApp.swift in Sources */ = {isa = PBXBuildFile; fileRef = FBBD2F1726586F3300AA800C /* TrekrApp.swift */; };
		FBBD2F1A26586F3300AA800C /* ContentView.swift in Sources */ = {isa = PBXBuildFile; fileRef = FBBD2F1926586F3300AA800C /* ContentView.swift */; };
		FBBD2F1C26586F3400AA800C /* Assets.xcassets in Resources */ = {isa = PBXBuildFile; fileRef = FBBD2F1B26586F3400AA800C /* Assets.xcassets */; };
		FBBD2F1F26586F3400AA800C /* Preview Assets.xcassets in Resources */ = {isa = PBXBuildFile; fileRef = FBBD2F1E26586F3400AA800C /* Preview Assets.xcassets */; };
		FBBD2F9926587ADF00AA800C /* locations.json in Resources */ = {isa = PBXBuildFile; fileRef = FBBD2F9726587ADF00AA800C /* locations.json */; };
		FBBD2F9A26587ADF00AA800C /* tips.json in Resources */ = {isa = PBXBuildFile; fileRef = FBBD2F9826587ADF00AA800C /* tips.json */; };
/* End PBXBuildFile section */

/* Begin PBXFileReference section */
		FB52C6C42659B75800231436 /* Location.swift */ = {isa = PBXFileReference; lastKnownFileType = sourcecode.swift; path = Location.swift; sourceTree = "<group>"; };
		FB52C6C62659DCBE00231436 /* Locations.swift */ = {isa = PBXFileReference; lastKnownFileType = sourcecode.swift; path = Locations.swift; sourceTree = "<group>"; };
		FB52C6C82659E96B00231436 /* WorldView.swift */ = {isa = PBXFileReference; lastKnownFileType = sourcecode.swift; path = WorldView.swift; sourceTree = "<group>"; };
		FB52C6CA2659F4F300231436 /* Tip.swift */ = {isa = PBXFileReference; lastKnownFileType = sourcecode.swift; path = Tip.swift; sourceTree = "<group>"; };
		FB52C6CC2659F5F100231436 /* TipsView.swift */ = {isa = PBXFileReference; lastKnownFileType = sourcecode.swift; path = TipsView.swift; sourceTree = "<group>"; };
		FBBD2F1426586F3300AA800C /* Trekr.app */ = {isa = PBXFileReference; explicitFileType = wrapper.application; includeInIndex = 0; path = Trekr.app; sourceTree = BUILT_PRODUCTS_DIR; };
		FBBD2F1726586F3300AA800C /* TrekrApp.swift */ = {isa = PBXFileReference; lastKnownFileType = sourcecode.swift; path = TrekrApp.swift; sourceTree = "<group>"; };
		FBBD2F1926586F3300AA800C /* ContentView.swift */ = {isa = PBXFileReference; lastKnownFileType = sourcecode.swift; path = ContentView.swift; sourceTree = "<group>"; };
		FBBD2F1B26586F3400AA800C /* Assets.xcassets */ = {isa = PBXFileReference; lastKnownFileType = folder.assetcatalog; path = Assets.xcassets; sourceTree = "<group>"; };
		FBBD2F1E26586F3400AA800C /* Preview Assets.xcassets */ = {isa = PBXFileReference; lastKnownFileType = folder.assetcatalog; path = "Preview Assets.xcassets"; sourceTree = "<group>"; };
		FBBD2F2026586F3400AA800C /* Info.plist */ = {isa = PBXFileReference; lastKnownFileType = text.plist.xml; path = Info.plist; sourceTree = "<group>"; };
		FBBD2F9726587ADF00AA800C /* locations.json */ = {isa = PBXFileReference; fileEncoding = 4; lastKnownFileType = text.json; path = locations.json; sourceTree = "<group>"; };
		FBBD2F9826587ADF00AA800C /* tips.json */ = {isa = PBXFileReference; fileEncoding = 4; lastKnownFileType = text.json; path = tips.json; sourceTree = "<group>"; };
/* End PBXFileReference section */

/* Begin PBXFrameworksBuildPhase section */
		FBBD2F1126586F3300AA800C /* Frameworks */ = {
			isa = PBXFrameworksBuildPhase;
			buildActionMask = 2147483647;
			files = (
			);
			runOnlyForDeploymentPostprocessing = 0;
		};
/* End PBXFrameworksBuildPhase section */

/* Begin PBXGroup section */
		FBBD2F0B26586F3300AA800C = {
			isa = PBXGroup;
			children = (
				FBBD2F1626586F3300AA800C /* Trekr */,
				FBBD2F1526586F3300AA800C /* Products */,
			);
			sourceTree = "<group>";
		};
		FBBD2F1526586F3300AA800C /* Products */ = {
			isa = PBXGroup;
			children = (
				FBBD2F1426586F3300AA800C /* Trekr.app */,
			);
			name = Products;
			sourceTree = "<group>";
		};
		FBBD2F1626586F3300AA800C /* Trekr */ = {
			isa = PBXGroup;
			children = (
				FB52C6CA2659F4F300231436 /* Tip.swift */,
				FB52C6CC2659F5F100231436 /* TipsView.swift */,
				FB52C6C82659E96B00231436 /* WorldView.swift */,
				FBBD2F1726586F3300AA800C /* TrekrApp.swift */,
				FBBD2F1926586F3300AA800C /* ContentView.swift */,
				FB52C6C62659DCBE00231436 /* Locations.swift */,
				FB52C6C42659B75800231436 /* Location.swift */,
				FBBD2F1B26586F3400AA800C /* Assets.xcassets */,
				FBBD2F9726587ADF00AA800C /* locations.json */,
				FBBD2F9826587ADF00AA800C /* tips.json */,
				FBBD2F2026586F3400AA800C /* Info.plist */,
				FBBD2F1D26586F3400AA800C /* Preview Content */,
			);
			path = Trekr;
			sourceTree = "<group>";
		};
		FBBD2F1D26586F3400AA800C /* Preview Content */ = {
			isa = PBXGroup;
			children = (
				FBBD2F1E26586F3400AA800C /* Preview Assets.xcassets */,
			);
			path = "Preview Content";
			sourceTree = "<group>";
		};
/* End PBXGroup section */

/* Begin PBXNativeTarget section */
		FBBD2F1326586F3300AA800C /* Trekr */ = {
			isa = PBXNativeTarget;
			buildConfigurationList = FBBD2F2326586F3400AA800C /* Build configuration list for PBXNativeTarget "Trekr" */;
			buildPhases = (
				FBBD2F1026586F3300AA800C /* Sources */,
				FBBD2F1126586F3300AA800C /* Frameworks */,
				FBBD2F1226586F3300AA800C /* Resources */,
			);
			buildRules = (
			);
			dependencies = (
			);
			name = Trekr;
			productName = Trekr;
			productReference = FBBD2F1426586F3300AA800C /* Trekr.app */;
			productType = "com.apple.product-type.application";
		};
/* End PBXNativeTarget section */

/* Begin PBXProject section */
		FBBD2F0C26586F3300AA800C /* Project object */ = {
			isa = PBXProject;
			attributes = {
				LastSwiftUpdateCheck = 1250;
				LastUpgradeCheck = 1250;
				TargetAttributes = {
					FBBD2F1326586F3300AA800C = {
						CreatedOnToolsVersion = 12.5;
					};
				};
			};
			buildConfigurationList = FBBD2F0F26586F3300AA800C /* Build configuration list for PBXProject "Trekr" */;
			compatibilityVersion = "Xcode 9.3";
			developmentRegion = en;
			hasScannedForEncodings = 0;
			knownRegions = (
				en,
				Base,
			);
			mainGroup = FBBD2F0B26586F3300AA800C;
			productRefGroup = FBBD2F1526586F3300AA800C /* Products */;
			projectDirPath = "";
			projectRoot = "";
			targets = (
				FBBD2F1326586F3300AA800C /* Trekr */,
			);
		};
/* End PBXProject section */

/* Begin PBXResourcesBuildPhase section */
		FBBD2F1226586F3300AA800C /* Resources */ = {
			isa = PBXResourcesBuildPhase;
			buildActionMask = 2147483647;
			files = (
				FBBD2F1F26586F3400AA800C /* Preview Assets.xcassets in Resources */,
				FBBD2F9A26587ADF00AA800C /* tips.json in Resources */,
				FBBD2F9926587ADF00AA800C /* locations.json in Resources */,
				FBBD2F1C26586F3400AA800C /* Assets.xcassets in Resources */,
			);
			runOnlyForDeploymentPostprocessing = 0;
		};
/* End PBXResourcesBuildPhase section */

/* Begin PBXSourcesBuildPhase section */
		FBBD2F1026586F3300AA800C /* Sources */ = {
			isa = PBXSourcesBuildPhase;
			buildActionMask = 2147483647;
			files = (
				FBBD2F1A26586F3300AA800C /* ContentView.swift in Sources */,
				FB52C6C52659B75800231436 /* Location.swift in Sources */,
				FB52C6C92659E96B00231436 /* WorldView.swift in Sources */,
				FB52C6CB2659F4F300231436 /* Tip.swift in Sources */,
				FB52C6CD2659F5F100231436 /* TipsView.swift in Sources */,
				FB52C6C72659DCBE00231436 /* Locations.swift in Sources */,
				FBBD2F1826586F3300AA800C /* TrekrApp.swift in Sources */,
			);
			runOnlyForDeploymentPostprocessing = 0;
		};
/* End PBXSourcesBuildPhase section */

/* Begin XCBuildConfiguration section */
		FBBD2F2126586F3400AA800C /* Debug */ = {
			isa = XCBuildConfiguration;
			buildSettings = {
				ALWAYS_SEARCH_USER_PATHS = NO;
				CLANG_ANALYZER_NONNULL = YES;
				CLANG_ANALYZER_NUMBER_OBJECT_CONVERSION = YES_AGGRESSIVE;
				CLANG_CXX_LANGUAGE_STANDARD = "gnu++14";
				CLANG_CXX_LIBRARY = "libc++";
				CLANG_ENABLE_MODULES = YES;
				CLANG_ENABLE_OBJC_ARC = YES;
				CLANG_ENABLE_OBJC_WEAK = YES;
				CLANG_WARN_BLOCK_CAPTURE_AUTORELEASING = YES;
				CLANG_WARN_BOOL_CONVERSION = YES;
				CLANG_WARN_COMMA = YES;
				CLANG_WARN_CONSTANT_CONVERSION = YES;
				CLANG_WARN_DEPRECATED_OBJC_IMPLEMENTATIONS = YES;
				CLANG_WARN_DIRECT_OBJC_ISA_USAGE = YES_ERROR;
				CLANG_WARN_DOCUMENTATION_COMMENTS = YES;
				CLANG_WARN_EMPTY_BODY = YES;
				CLANG_WARN_ENUM_CONVERSION = YES;
				CLANG_WARN_INFINITE_RECURSION = YES;
				CLANG_WARN_INT_CONVERSION = YES;
				CLANG_WARN_NON_LITERAL_NULL_CONVERSION = YES;
				CLANG_WARN_OBJC_IMPLICIT_RETAIN_SELF = YES;
				CLANG_WARN_OBJC_LITERAL_CONVERSION = YES;
				CLANG_WARN_OBJC_ROOT_CLASS = YES_ERROR;
				CLANG_WARN_QUOTED_INCLUDE_IN_FRAMEWORK_HEADER = YES;
				CLANG_WARN_RANGE_LOOP_ANALYSIS = YES;
				CLANG_WARN_STRICT_PROTOTYPES = YES;
				CLANG_WARN_SUSPICIOUS_MOVE = YES;
				CLANG_WARN_UNGUARDED_AVAILABILITY = YES_AGGRESSIVE;
				CLANG_WARN_UNREACHABLE_CODE = YES;
				CLANG_WARN__DUPLICATE_METHOD_MATCH = YES;
				COPY_PHASE_STRIP = NO;
				DEBUG_INFORMATION_FORMAT = dwarf;
				ENABLE_STRICT_OBJC_MSGSEND = YES;
				ENABLE_TESTABILITY = YES;
				GCC_C_LANGUAGE_STANDARD = gnu11;
				GCC_DYNAMIC_NO_PIC = NO;
				GCC_NO_COMMON_BLOCKS = YES;
				GCC_OPTIMIZATION_LEVEL = 0;
				GCC_PREPROCESSOR_DEFINITIONS = (
					"DEBUG=1",
					"$(inherited)",
				);
				GCC_WARN_64_TO_32_BIT_CONVERSION = YES;
				GCC_WARN_ABOUT_RETURN_TYPE = YES_ERROR;
				GCC_WARN_UNDECLARED_SELECTOR = YES;
				GCC_WARN_UNINITIALIZED_AUTOS = YES_AGGRESSIVE;
				GCC_WARN_UNUSED_FUNCTION = YES;
				GCC_WARN_UNUSED_VARIABLE = YES;
				IPHONEOS_DEPLOYMENT_TARGET = 14.5;
				MTL_ENABLE_DEBUG_INFO = INCLUDE_SOURCE;
				MTL_FAST_MATH = YES;
				ONLY_ACTIVE_ARCH = YES;
				SDKROOT = iphoneos;
				SWIFT_ACTIVE_COMPILATION_CONDITIONS = DEBUG;
				SWIFT_OPTIMIZATION_LEVEL = "-Onone";
			};
			name = Debug;
		};
		FBBD2F2226586F3400AA800C /* Release */ = {
			isa = XCBuildConfiguration;
			buildSettings = {
				ALWAYS_SEARCH_USER_PATHS = NO;
				CLANG_ANALYZER_NONNULL = YES;
				CLANG_ANALYZER_NUMBER_OBJECT_CONVERSION = YES_AGGRESSIVE;
				CLANG_CXX_LANGUAGE_STANDARD = "gnu++14";
				CLANG_CXX_LIBRARY = "libc++";
				CLANG_ENABLE_MODULES = YES;
				CLANG_ENABLE_OBJC_ARC = YES;
				CLANG_ENABLE_OBJC_WEAK = YES;
				CLANG_WARN_BLOCK_CAPTURE_AUTORELEASING = YES;
				CLANG_WARN_BOOL_CONVERSION = YES;
				CLANG_WARN_COMMA = YES;
				CLANG_WARN_CONSTANT_CONVERSION = YES;
				CLANG_WARN_DEPRECATED_OBJC_IMPLEMENTATIONS = YES;
				CLANG_WARN_DIRECT_OBJC_ISA_USAGE = YES_ERROR;
				CLANG_WARN_DOCUMENTATION_COMMENTS = YES;
				CLANG_WARN_EMPTY_BODY = YES;
				CLANG_WARN_ENUM_CONVERSION = YES;
				CLANG_WARN_INFINITE_RECURSION = YES;
				CLANG_WARN_INT_CONVERSION = YES;
				CLANG_WARN_NON_LITERAL_NULL_CONVERSION = YES;
				CLANG_WARN_OBJC_IMPLICIT_RETAIN_SELF = YES;
				CLANG_WARN_OBJC_LITERAL_CONVERSION = YES;
				CLANG_WARN_OBJC_ROOT_CLASS = YES_ERROR;
				CLANG_WARN_QUOTED_INCLUDE_IN_FRAMEWORK_HEADER = YES;
				CLANG_WARN_RANGE_LOOP_ANALYSIS = YES;
				CLANG_WARN_STRICT_PROTOTYPES = YES;
				CLANG_WARN_SUSPICIOUS_MOVE = YES;
				CLANG_WARN_UNGUARDED_AVAILABILITY = YES_AGGRESSIVE;
				CLANG_WARN_UNREACHABLE_CODE = YES;
				CLANG_WARN__DUPLICATE_METHOD_MATCH = YES;
				COPY_PHASE_STRIP = NO;
				DEBUG_INFORMATION_FORMAT = "dwarf-with-dsym";
				ENABLE_NS_ASSERTIONS = NO;
				ENABLE_STRICT_OBJC_MSGSEND = YES;
				GCC_C_LANGUAGE_STANDARD = gnu11;
				GCC_NO_COMMON_BLOCKS = YES;
				GCC_WARN_64_TO_32_BIT_CONVERSION = YES;
				GCC_WARN_ABOUT_RETURN_TYPE = YES_ERROR;
				GCC_WARN_UNDECLARED_SELECTOR = YES;
				GCC_WARN_UNINITIALIZED_AUTOS = YES_AGGRESSIVE;
				GCC_WARN_UNUSED_FUNCTION = YES;
				GCC_WARN_UNUSED_VARIABLE = YES;
				IPHONEOS_DEPLOYMENT_TARGET = 14.5;
				MTL_ENABLE_DEBUG_INFO = NO;
				MTL_FAST_MATH = YES;
				SDKROOT = iphoneos;
				SWIFT_COMPILATION_MODE = wholemodule;
				SWIFT_OPTIMIZATION_LEVEL = "-O";
				VALIDATE_PRODUCT = YES;
			};
			name = Release;
		};
		FBBD2F2426586F3400AA800C /* Debug */ = {
			isa = XCBuildConfiguration;
			buildSettings = {
				ASSETCATALOG_COMPILER_APPICON_NAME = AppIcon;
				ASSETCATALOG_COMPILER_GLOBAL_ACCENT_COLOR_NAME = AccentColor;
				CODE_SIGN_STYLE = Automatic;
				DEVELOPMENT_ASSET_PATHS = "\"Trekr/Preview Content\"";
				DEVELOPMENT_TEAM = V5T7RC33A5;
				ENABLE_PREVIEWS = YES;
				INFOPLIST_FILE = Trekr/Info.plist;
				IPHONEOS_DEPLOYMENT_TARGET = 14.0;
				LD_RUNPATH_SEARCH_PATHS = (
					"$(inherited)",
					"@executable_path/Frameworks",
				);
				PRODUCT_BUNDLE_IDENTIFIER = com.github.edumaxsantos.Trekr;
				PRODUCT_NAME = "$(TARGET_NAME)";
				SWIFT_VERSION = 5.0;
				TARGETED_DEVICE_FAMILY = 1;
			};
			name = Debug;
		};
		FBBD2F2526586F3400AA800C /* Release */ = {
			isa = XCBuildConfiguration;
			buildSettings = {
				ASSETCATALOG_COMPILER_APPICON_NAME = AppIcon;
				ASSETCATALOG_COMPILER_GLOBAL_ACCENT_COLOR_NAME = AccentColor;
				CODE_SIGN_STYLE = Automatic;
				DEVELOPMENT_ASSET_PATHS = "\"Trekr/Preview Content\"";
				DEVELOPMENT_TEAM = V5T7RC33A5;
				ENABLE_PREVIEWS = YES;
				INFOPLIST_FILE = Trekr/Info.plist;
				IPHONEOS_DEPLOYMENT_TARGET = 14.0;
				LD_RUNPATH_SEARCH_PATHS = (
					"$(inherited)",
					"@executable_path/Frameworks",
				);
				PRODUCT_BUNDLE_IDENTIFIER = com.github.edumaxsantos.Trekr;
				PRODUCT_NAME = "$(TARGET_NAME)";
				SWIFT_VERSION = 5.0;
				TARGETED_DEVICE_FAMILY = 1;
			};
			name = Release;
		};
/* End XCBuildConfiguration section */

/* Begin XCConfigurationList section */
		FBBD2F0F26586F3300AA800C /* Build configuration list for PBXProject "Trekr" */ = {
			isa = XCConfigurationList;
			buildConfigurations = (
				FBBD2F2126586F3400AA800C /* Debug */,
				FBBD2F2226586F3400AA800C /* Release */,
			);
			defaultConfigurationIsVisible = 0;
			defaultConfigurationName = Release;
		};
		FBBD2F2326586F3400AA800C /* Build configuration list for PBXNativeTarget "Trekr" */ = {
			isa = XCConfigurationList;
			buildConfigurations = (
				FBBD2F2426586F3400AA800C /* Debug */,
				FBBD2F2526586F3400AA800C /* Release */,
			);
			defaultConfigurationIsVisible = 0;
			defaultConfigurationName = Release;
		};
/* End XCConfigurationList section */
	};
	rootObject = FBBD2F0C26586F3300AA800C /* Project object */;
}
